
Microsoft Visual Studio Solution File, Format Version 12.00
# Visual Studio Version 17
VisualStudioVersion = 17.8.34330.188
MinimumVisualStudioVersion = 10.0.40219.1
Project("{FAE04EC0-301F-11D3-BF4B-00C04F79EFBC}") = "ConsoleApp3", "ConsoleApp3\ConsoleApp3.csproj", "{DE568AE6-13F3-4521-9A31-542E98DDDFA5}"
EndProject
Global
	GlobalSection(SolutionConfigurationPlatforms) = preSolution
		Debug|Any CPU = Debug|Any CPU
		Release|Any CPU = Release|Any CPU
	EndGlobalSection
	GlobalSection(ProjectConfigurationPlatforms) = postSolution
		{DE568AE6-13F3-4521-9A31-542E98DDDFA5}.Debug|Any CPU.ActiveCfg = Debug|Any CPU
		{DE568AE6-13F3-4521-9A31-542E98DDDFA5}.Debug|Any CPU.Build.0 = Debug|Any CPU
		{DE568AE6-13F3-4521-9A31-542E98DDDFA5}.Release|Any CPU.ActiveCfg = Release|Any CPU
		{DE568AE6-13F3-4521-9A31-542E98DDDFA5}.Release|Any CPU.Build.0 = Release|Any CPU
	EndGlobalSection
	GlobalSection(SolutionProperties) = preSolution
		HideSolutionNode = FALSE
	EndGlobalSection
	GlobalSection(ExtensibilityGlobals) = postSolution
		SolutionGuid = {BDD3C722-2797-4CD3-A4CA-806D94A81908}
	EndGlobalSection
EndGlobal
